
Microsoft Visual Studio Solution File, Format Version 12.00
# Visual Studio 15
VisualStudioVersion = 15.0.28307.779
MinimumVisualStudioVersion = 10.0.40219.1
Project("{FAE04EC0-301F-11D3-BF4B-00C04F79EFBC}") = "Projeto Prime", "Projeto Prime\Projeto Prime.csproj", "{7E48EC23-F1D2-476C-A314-4F2339EDD310}"
EndProject
Global
	GlobalSection(SolutionConfigurationPlatforms) = preSolution
		Debug|Any CPU = Debug|Any CPU
		Release|Any CPU = Release|Any CPU
	EndGlobalSection
	GlobalSection(ProjectConfigurationPlatforms) = postSolution
		{7E48EC23-F1D2-476C-A314-4F2339EDD310}.Debug|Any CPU.ActiveCfg = Debug|Any CPU
		{7E48EC23-F1D2-476C-A314-4F2339EDD310}.Debug|Any CPU.Build.0 = Debug|Any CPU
		{7E48EC23-F1D2-476C-A314-4F2339EDD310}.Release|Any CPU.ActiveCfg = Release|Any CPU
		{7E48EC23-F1D2-476C-A314-4F2339EDD310}.Release|Any CPU.Build.0 = Release|Any CPU
	EndGlobalSection
	GlobalSection(SolutionProperties) = preSolution
		HideSolutionNode = FALSE
	EndGlobalSection
	GlobalSection(ExtensibilityGlobals) = postSolution
		SolutionGuid = {F38F673D-BFB1-46C8-A108-3D2F3784CDFB}
	EndGlobalSection
EndGlobal
